
Microsoft Visual Studio Solution File, Format Version 12.00
# Visual Studio 15
VisualStudioVersion = 15.0.26430.6
MinimumVisualStudioVersion = 10.0.40219.1
Project("{FAE04EC0-301F-11D3-BF4B-00C04F79EFBC}") = "SpiffyGiphy", "SpiffyGiphy\SpiffyGiphy\SpiffyGiphy.csproj", "{1927BAE8-C066-43E8-A266-8D359216E1DB}"
EndProject
Project("{FAE04EC0-301F-11D3-BF4B-00C04F79EFBC}") = "SpiffyGiphy.Android", "SpiffyGiphy\SpiffyGiphy.Android\SpiffyGiphy.Android.csproj", "{63A944E4-59E9-44E1-A235-44992F33F91F}"
EndProject
Project("{FAE04EC0-301F-11D3-BF4B-00C04F79EFBC}") = "SpiffyGiphy.iOS", "SpiffyGiphy\SpiffyGiphy.iOS\SpiffyGiphy.iOS.csproj", "{7FBA228C-E59A-43F2-8759-EDBB53E9C82B}"
EndProject
Project("{FAE04EC0-301F-11D3-BF4B-00C04F79EFBC}") = "SpiffyGiphy.UWP", "SpiffyGiphy\SpiffyGiphy.UWP\SpiffyGiphy.UWP.csproj", "{E5376C08-D036-4544-86D4-2B1BB01500D1}"
EndProject
Project("{FAE04EC0-301F-11D3-BF4B-00C04F79EFBC}") = "SpiffyGiphy.MobileAppService", "SpiffyGiphy\SpiffyGiphy.MobileAppService\SpiffyGiphy.MobileAppService.csproj", "{3CCDA57D-90E7-4CD9-A005-F99478D3D843}"
EndProject
Global
	GlobalSection(SolutionConfigurationPlatforms) = preSolution
		Debug|Any CPU = Debug|Any CPU
		Debug|ARM = Debug|ARM
		Debug|iPhone = Debug|iPhone
		Debug|iPhoneSimulator = Debug|iPhoneSimulator
		Debug|x64 = Debug|x64
		Debug|x86 = Debug|x86
		Release|Any CPU = Release|Any CPU
		Release|ARM = Release|ARM
		Release|iPhone = Release|iPhone
		Release|iPhoneSimulator = Release|iPhoneSimulator
		Release|x64 = Release|x64
		Release|x86 = Release|x86
	EndGlobalSection
	GlobalSection(ProjectConfigurationPlatforms) = postSolution
		{1927BAE8-C066-43E8-A266-8D359216E1DB}.Debug|Any CPU.ActiveCfg = Debug|Any CPU
		{1927BAE8-C066-43E8-A266-8D359216E1DB}.Debug|Any CPU.Build.0 = Debug|Any CPU
		{1927BAE8-C066-43E8-A266-8D359216E1DB}.Debug|ARM.ActiveCfg = Debug|Any CPU
		{1927BAE8-C066-43E8-A266-8D359216E1DB}.Debug|ARM.Build.0 = Debug|Any CPU
		{1927BAE8-C066-43E8-A266-8D359216E1DB}.Debug|iPhone.ActiveCfg = Debug|Any CPU
		{1927BAE8-C066-43E8-A266-8D359216E1DB}.Debug|iPhone.Build.0 = Debug|Any CPU
		{1927BAE8-C066-43E8-A266-8D359216E1DB}.Debug|iPhoneSimulator.ActiveCfg = Debug|Any CPU
		{1927BAE8-C066-43E8-A266-8D359216E1DB}.Debug|iPhoneSimulator.Build.0 = Debug|Any CPU
		{1927BAE8-C066-43E8-A266-8D359216E1DB}.Debug|x64.ActiveCfg = Debug|Any CPU
		{1927BAE8-C066-43E8-A266-8D359216E1DB}.Debug|x64.Build.0 = Debug|Any CPU
		{1927BAE8-C066-43E8-A266-8D359216E1DB}.Debug|x86.ActiveCfg = Debug|Any CPU
		{1927BAE8-C066-43E8-A266-8D359216E1DB}.Debug|x86.Build.0 = Debug|Any CPU
		{1927BAE8-C066-43E8-A266-8D359216E1DB}.Release|Any CPU.ActiveCfg = Release|Any CPU
		{1927BAE8-C066-43E8-A266-8D359216E1DB}.Release|Any CPU.Build.0 = Release|Any CPU
		{1927BAE8-C066-43E8-A266-8D359216E1DB}.Release|ARM.ActiveCfg = Release|Any CPU
		{1927BAE8-C066-43E8-A266-8D359216E1DB}.Release|ARM.Build.0 = Release|Any CPU
		{1927BAE8-C066-43E8-A266-8D359216E1DB}.Release|iPhone.ActiveCfg = Release|Any CPU
		{1927BAE8-C066-43E8-A266-8D359216E1DB}.Release|iPhone.Build.0 = Release|Any CPU
		{1927BAE8-C066-43E8-A266-8D359216E1DB}.Release|iPhoneSimulator.ActiveCfg = Release|Any CPU
		{1927BAE8-C066-43E8-A266-8D359216E1DB}.Release|iPhoneSimulator.Build.0 = Release|Any CPU
		{1927BAE8-C066-43E8-A266-8D359216E1DB}.Release|x64.ActiveCfg = Release|Any CPU
		{1927BAE8-C066-43E8-A266-8D359216E1DB}.Release|x64.Build.0 = Release|Any CPU
		{1927BAE8-C066-43E8-A266-8D359216E1DB}.Release|x86.ActiveCfg = Release|Any CPU
		{1927BAE8-C066-43E8-A266-8D359216E1DB}.Release|x86.Build.0 = Release|Any CPU
		{63A944E4-59E9-44E1-A235-44992F33F91F}.Debug|Any CPU.ActiveCfg = Debug|Any CPU
		{63A944E4-59E9-44E1-A235-44992F33F91F}.Debug|Any CPU.Build.0 = Debug|Any CPU
		{63A944E4-59E9-44E1-A235-44992F33F91F}.Debug|Any CPU.Deploy.0 = Debug|Any CPU
		{63A944E4-59E9-44E1-A235-44992F33F91F}.Debug|ARM.ActiveCfg = Debug|Any CPU
		{63A944E4-59E9-44E1-A235-44992F33F91F}.Debug|ARM.Build.0 = Debug|Any CPU
		{63A944E4-59E9-44E1-A235-44992F33F91F}.Debug|ARM.Deploy.0 = Debug|Any CPU
		{63A944E4-59E9-44E1-A235-44992F33F91F}.Debug|iPhone.ActiveCfg = Debug|Any CPU
		{63A944E4-59E9-44E1-A235-44992F33F91F}.Debug|iPhone.Build.0 = Debug|Any CPU
		{63A944E4-59E9-44E1-A235-44992F33F91F}.Debug|iPhone.Deploy.0 = Debug|Any CPU
		{63A944E4-59E9-44E1-A235-44992F33F91F}.Debug|iPhoneSimulator.ActiveCfg = Debug|Any CPU
		{63A944E4-59E9-44E1-A235-44992F33F91F}.Debug|iPhoneSimulator.Build.0 = Debug|Any CPU
		{63A944E4-59E9-44E1-A235-44992F33F91F}.Debug|iPhoneSimulator.Deploy.0 = Debug|Any CPU
		{63A944E4-59E9-44E1-A235-44992F33F91F}.Debug|x64.ActiveCfg = Debug|Any CPU
		{63A944E4-59E9-44E1-A235-44992F33F91F}.Debug|x64.Build.0 = Debug|Any CPU
		{63A944E4-59E9-44E1-A235-44992F33F91F}.Debug|x64.Deploy.0 = Debug|Any CPU
		{63A944E4-59E9-44E1-A235-44992F33F91F}.Debug|x86.ActiveCfg = Debug|Any CPU
		{63A944E4-59E9-44E1-A235-44992F33F91F}.Debug|x86.Build.0 = Debug|Any CPU
		{63A944E4-59E9-44E1-A235-44992F33F91F}.Debug|x86.Deploy.0 = Debug|Any CPU
		{63A944E4-59E9-44E1-A235-44992F33F91F}.Release|Any CPU.ActiveCfg = Release|Any CPU
		{63A944E4-59E9-44E1-A235-44992F33F91F}.Release|Any CPU.Build.0 = Release|Any CPU
		{63A944E4-59E9-44E1-A235-44992F33F91F}.Release|Any CPU.Deploy.0 = Release|Any CPU
		{63A944E4-59E9-44E1-A235-44992F33F91F}.Release|ARM.ActiveCfg = Release|Any CPU
		{63A944E4-59E9-44E1-A235-44992F33F91F}.Release|ARM.Build.0 = Release|Any CPU
		{63A944E4-59E9-44E1-A235-44992F33F91F}.Release|ARM.Deploy.0 = Release|Any CPU
		{63A944E4-59E9-44E1-A235-44992F33F91F}.Release|iPhone.ActiveCfg = Release|Any CPU
		{63A944E4-59E9-44E1-A235-44992F33F91F}.Release|iPhone.Build.0 = Release|Any CPU
		{63A944E4-59E9-44E1-A235-44992F33F91F}.Release|iPhone.Deploy.0 = Release|Any CPU
		{63A944E4-59E9-44E1-A235-44992F33F91F}.Release|iPhoneSimulator.ActiveCfg = Release|Any CPU
		{63A944E4-59E9-44E1-A235-44992F33F91F}.Release|iPhoneSimulator.Build.0 = Release|Any CPU
		{63A944E4-59E9-44E1-A235-44992F33F91F}.Release|iPhoneSimulator.Deploy.0 = Release|Any CPU
		{63A944E4-59E9-44E1-A235-44992F33F91F}.Release|x64.ActiveCfg = Release|Any CPU
		{63A944E4-59E9-44E1-A235-44992F33F91F}.Release|x64.Build.0 = Release|Any CPU
		{63A944E4-59E9-44E1-A235-44992F33F91F}.Release|x64.Deploy.0 = Release|Any CPU
		{63A944E4-59E9-44E1-A235-44992F33F91F}.Release|x86.ActiveCfg = Release|Any CPU
		{63A944E4-59E9-44E1-A235-44992F33F91F}.Release|x86.Build.0 = Release|Any CPU
		{63A944E4-59E9-44E1-A235-44992F33F91F}.Release|x86.Deploy.0 = Release|Any CPU
		{7FBA228C-E59A-43F2-8759-EDBB53E9C82B}.Debug|Any CPU.ActiveCfg = Debug|iPhone
		{7FBA228C-E59A-43F2-8759-EDBB53E9C82B}.Debug|ARM.ActiveCfg = Debug|iPhone
		{7FBA228C-E59A-43F2-8759-EDBB53E9C82B}.Debug|iPhone.ActiveCfg = Debug|iPhone
		{7FBA228C-E59A-43F2-8759-EDBB53E9C82B}.Debug|iPhone.Build.0 = Debug|iPhone
		{7FBA228C-E59A-43F2-8759-EDBB53E9C82B}.Debug|iPhoneSimulator.ActiveCfg = Debug|iPhoneSimulator
		{7FBA228C-E59A-43F2-8759-EDBB53E9C82B}.Debug|iPhoneSimulator.Build.0 = Debug|iPhoneSimulator
		{7FBA228C-E59A-43F2-8759-EDBB53E9C82B}.Debug|x64.ActiveCfg = Debug|iPhone
		{7FBA228C-E59A-43F2-8759-EDBB53E9C82B}.Debug|x86.ActiveCfg = Debug|iPhone
		{7FBA228C-E59A-43F2-8759-EDBB53E9C82B}.Release|Any CPU.ActiveCfg = Release|iPhone
		{7FBA228C-E59A-43F2-8759-EDBB53E9C82B}.Release|ARM.ActiveCfg = Release|iPhone
		{7FBA228C-E59A-43F2-8759-EDBB53E9C82B}.Release|iPhone.ActiveCfg = Release|iPhone
		{7FBA228C-E59A-43F2-8759-EDBB53E9C82B}.Release|iPhone.Build.0 = Release|iPhone
		{7FBA228C-E59A-43F2-8759-EDBB53E9C82B}.Release|iPhoneSimulator.ActiveCfg = Release|iPhoneSimulator
		{7FBA228C-E59A-43F2-8759-EDBB53E9C82B}.Release|iPhoneSimulator.Build.0 = Release|iPhoneSimulator
		{7FBA228C-E59A-43F2-8759-EDBB53E9C82B}.Release|x64.ActiveCfg = Release|iPhone
		{7FBA228C-E59A-43F2-8759-EDBB53E9C82B}.Release|x86.ActiveCfg = Release|iPhone
		{E5376C08-D036-4544-86D4-2B1BB01500D1}.Debug|Any CPU.ActiveCfg = Debug|x86
		{E5376C08-D036-4544-86D4-2B1BB01500D1}.Debug|ARM.ActiveCfg = Debug|ARM
		{E5376C08-D036-4544-86D4-2B1BB01500D1}.Debug|ARM.Build.0 = Debug|ARM
		{E5376C08-D036-4544-86D4-2B1BB01500D1}.Debug|ARM.Deploy.0 = Debug|ARM
		{E5376C08-D036-4544-86D4-2B1BB01500D1}.Debug|iPhone.ActiveCfg = Debug|x86
		{E5376C08-D036-4544-86D4-2B1BB01500D1}.Debug|iPhoneSimulator.ActiveCfg = Debug|x86
		{E5376C08-D036-4544-86D4-2B1BB01500D1}.Debug|x64.ActiveCfg = Debug|x64
		{E5376C08-D036-4544-86D4-2B1BB01500D1}.Debug|x64.Build.0 = Debug|x64
		{E5376C08-D036-4544-86D4-2B1BB01500D1}.Debug|x64.Deploy.0 = Debug|x64
		{E5376C08-D036-4544-86D4-2B1BB01500D1}.Debug|x86.ActiveCfg = Debug|x86
		{E5376C08-D036-4544-86D4-2B1BB01500D1}.Debug|x86.Build.0 = Debug|x86
		{E5376C08-D036-4544-86D4-2B1BB01500D1}.Debug|x86.Deploy.0 = Debug|x86
		{E5376C08-D036-4544-86D4-2B1BB01500D1}.Release|Any CPU.ActiveCfg = Release|x86
		{E5376C08-D036-4544-86D4-2B1BB01500D1}.Release|ARM.ActiveCfg = Release|ARM
		{E5376C08-D036-4544-86D4-2B1BB01500D1}.Release|ARM.Build.0 = Release|ARM
		{E5376C08-D036-4544-86D4-2B1BB01500D1}.Release|ARM.Deploy.0 = Release|ARM
		{E5376C08-D036-4544-86D4-2B1BB01500D1}.Release|iPhone.ActiveCfg = Release|x86
		{E5376C08-D036-4544-86D4-2B1BB01500D1}.Release|iPhoneSimulator.ActiveCfg = Release|x86
		{E5376C08-D036-4544-86D4-2B1BB01500D1}.Release|x64.ActiveCfg = Release|x64
		{E5376C08-D036-4544-86D4-2B1BB01500D1}.Release|x64.Build.0 = Release|x64
		{E5376C08-D036-4544-86D4-2B1BB01500D1}.Release|x64.Deploy.0 = Release|x64
		{E5376C08-D036-4544-86D4-2B1BB01500D1}.Release|x86.ActiveCfg = Release|x86
		{E5376C08-D036-4544-86D4-2B1BB01500D1}.Release|x86.Build.0 = Release|x86
		{E5376C08-D036-4544-86D4-2B1BB01500D1}.Release|x86.Deploy.0 = Release|x86
		{3CCDA57D-90E7-4CD9-A005-F99478D3D843}.Debug|Any CPU.ActiveCfg = Debug|Any CPU
		{3CCDA57D-90E7-4CD9-A005-F99478D3D843}.Debug|Any CPU.Build.0 = Debug|Any CPU
		{3CCDA57D-90E7-4CD9-A005-F99478D3D843}.Debug|ARM.ActiveCfg = Debug|Any CPU
		{3CCDA57D-90E7-4CD9-A005-F99478D3D843}.Debug|ARM.Build.0 = Debug|Any CPU
		{3CCDA57D-90E7-4CD9-A005-F99478D3D843}.Debug|iPhone.ActiveCfg = Debug|Any CPU
		{3CCDA57D-90E7-4CD9-A005-F99478D3D843}.Debug|iPhone.Build.0 = Debug|Any CPU
		{3CCDA57D-90E7-4CD9-A005-F99478D3D843}.Debug|iPhoneSimulator.ActiveCfg = Debug|Any CPU
		{3CCDA57D-90E7-4CD9-A005-F99478D3D843}.Debug|iPhoneSimulator.Build.0 = Debug|Any CPU
		{3CCDA57D-90E7-4CD9-A005-F99478D3D843}.Debug|x64.ActiveCfg = Debug|Any CPU
		{3CCDA57D-90E7-4CD9-A005-F99478D3D843}.Debug|x64.Build.0 = Debug|Any CPU
		{3CCDA57D-90E7-4CD9-A005-F99478D3D843}.Debug|x86.ActiveCfg = Debug|Any CPU
		{3CCDA57D-90E7-4CD9-A005-F99478D3D843}.Debug|x86.Build.0 = Debug|Any CPU
		{3CCDA57D-90E7-4CD9-A005-F99478D3D843}.Release|Any CPU.ActiveCfg = Release|Any CPU
		{3CCDA57D-90E7-4CD9-A005-F99478D3D843}.Release|Any CPU.Build.0 = Release|Any CPU
		{3CCDA57D-90E7-4CD9-A005-F99478D3D843}.Release|ARM.ActiveCfg = Release|Any CPU
		{3CCDA57D-90E7-4CD9-A005-F99478D3D843}.Release|ARM.Build.0 = Release|Any CPU
		{3CCDA57D-90E7-4CD9-A005-F99478D3D843}.Release|iPhone.ActiveCfg = Release|Any CPU
		{3CCDA57D-90E7-4CD9-A005-F99478D3D843}.Release|iPhone.Build.0 = Release|Any CPU
		{3CCDA57D-90E7-4CD9-A005-F99478D3D843}.Release|iPhoneSimulator.ActiveCfg = Release|Any CPU
		{3CCDA57D-90E7-4CD9-A005-F99478D3D843}.Release|iPhoneSimulator.Build.0 = Release|Any CPU
		{3CCDA57D-90E7-4CD9-A005-F99478D3D843}.Release|x64.ActiveCfg = Release|Any CPU
		{3CCDA57D-90E7-4CD9-A005-F99478D3D843}.Release|x64.Build.0 = Release|Any CPU
		{3CCDA57D-90E7-4CD9-A005-F99478D3D843}.Release|x86.ActiveCfg = Release|Any CPU
		{3CCDA57D-90E7-4CD9-A005-F99478D3D843}.Release|x86.Build.0 = Release|Any CPU
	EndGlobalSection
	GlobalSection(SolutionProperties) = preSolution
		HideSolutionNode = FALSE
	EndGlobalSection
EndGlobal
